
Microsoft Visual Studio Solution File, Format Version 12.00
# Visual Studio Version 17
VisualStudioVersion = 17.2.32505.173
MinimumVisualStudioVersion = 10.0.40219.1
Project("{FAE04EC0-301F-11D3-BF4B-00C04F79EFBC}") = "213020UnitConverter", "213020UnitConverter\213020UnitConverter.csproj", "{E7A24824-E34A-4945-90F1-2DD7B6B3E033}"
EndProject
Global
	GlobalSection(SolutionConfigurationPlatforms) = preSolution
		Debug|Any CPU = Debug|Any CPU
		Release|Any CPU = Release|Any CPU
	EndGlobalSection
	GlobalSection(ProjectConfigurationPlatforms) = postSolution
		{E7A24824-E34A-4945-90F1-2DD7B6B3E033}.Debug|Any CPU.ActiveCfg = Debug|Any CPU
		{E7A24824-E34A-4945-90F1-2DD7B6B3E033}.Debug|Any CPU.Build.0 = Debug|Any CPU
		{E7A24824-E34A-4945-90F1-2DD7B6B3E033}.Release|Any CPU.ActiveCfg = Release|Any CPU
		{E7A24824-E34A-4945-90F1-2DD7B6B3E033}.Release|Any CPU.Build.0 = Release|Any CPU
	EndGlobalSection
	GlobalSection(SolutionProperties) = preSolution
		HideSolutionNode = FALSE
	EndGlobalSection
	GlobalSection(ExtensibilityGlobals) = postSolution
		SolutionGuid = {97F2EDD4-8946-459E-A0BF-19CC712E9C08}
	EndGlobalSection
EndGlobal
